// !$*UTF8*$!
{
	archiveVersion = 1;
	classes = {
	};
	objectVersion = 50;
	objects = {

/* Begin PBXBuildFile section */
		9118B64921EEDB8B000381A5 /* GitHubRepositoryView.swift in Sources */ = {isa = PBXBuildFile; fileRef = 9118B64821EEDB8B000381A5 /* GitHubRepositoryView.swift */; };
		9118B64B21EEDDB5000381A5 /* GitHubRepositoryDetailsView.swift in Sources */ = {isa = PBXBuildFile; fileRef = 9118B64A21EEDDB5000381A5 /* GitHubRepositoryDetailsView.swift */; };
		9118B65021EEE25A000381A5 /* GitHubItemCellTableViewCell.swift in Sources */ = {isa = PBXBuildFile; fileRef = 9118B64F21EEE25A000381A5 /* GitHubItemCellTableViewCell.swift */; };
		9118B65321EEE4B8000381A5 /* Repository.swift in Sources */ = {isa = PBXBuildFile; fileRef = 9118B65221EEE4B8000381A5 /* Repository.swift */; };
		9118B65521EEE5BE000381A5 /* Owner.swift in Sources */ = {isa = PBXBuildFile; fileRef = 9118B65421EEE5BE000381A5 /* Owner.swift */; };
		9118B65821EF3AE3000381A5 /* RepositoryTableView.swift in Sources */ = {isa = PBXBuildFile; fileRef = 9118B65721EF3AE3000381A5 /* RepositoryTableView.swift */; };
		9118B65D21EF3D93000381A5 /* Identifiable.swift in Sources */ = {isa = PBXBuildFile; fileRef = 9118B65C21EF3D93000381A5 /* Identifiable.swift */; };
		A89134F221EE37E3005032EC /* AppDelegate.swift in Sources */ = {isa = PBXBuildFile; fileRef = A89134F121EE37E3005032EC /* AppDelegate.swift */; };
		A89134F921EE37E4005032EC /* Assets.xcassets in Resources */ = {isa = PBXBuildFile; fileRef = A89134F821EE37E4005032EC /* Assets.xcassets */; };
		A89134FC21EE37E4005032EC /* LaunchScreen.storyboard in Resources */ = {isa = PBXBuildFile; fileRef = A89134FA21EE37E4005032EC /* LaunchScreen.storyboard */; };
		A891350721EE37E4005032EC /* GitHubRatingTests.swift in Sources */ = {isa = PBXBuildFile; fileRef = A891350621EE37E4005032EC /* GitHubRatingTests.swift */; };
		A8E04B6D21EE582A00522B9D /* RepositoriesViewController.swift in Sources */ = {isa = PBXBuildFile; fileRef = A8E04B6C21EE582A00522B9D /* RepositoriesViewController.swift */; };
		A8E04B6F21EE586400522B9D /* RepositoryView.swift in Sources */ = {isa = PBXBuildFile; fileRef = A8E04B6E21EE586400522B9D /* RepositoryView.swift */; };
		A8E04B7221EE5A7900522B9D /* BaseViewController.swift in Sources */ = {isa = PBXBuildFile; fileRef = A8E04B7121EE5A7900522B9D /* BaseViewController.swift */; };
/* End PBXBuildFile section */

/* Begin PBXContainerItemProxy section */
		A891350321EE37E4005032EC /* PBXContainerItemProxy */ = {
			isa = PBXContainerItemProxy;
			containerPortal = A89134E621EE37E3005032EC /* Project object */;
			proxyType = 1;
			remoteGlobalIDString = A89134ED21EE37E3005032EC;
			remoteInfo = GitHubRating;
		};
/* End PBXContainerItemProxy section */

/* Begin PBXFileReference section */
		9118B64821EEDB8B000381A5 /* GitHubRepositoryView.swift */ = {isa = PBXFileReference; lastKnownFileType = sourcecode.swift; path = GitHubRepositoryView.swift; sourceTree = "<group>"; };
		9118B64A21EEDDB5000381A5 /* GitHubRepositoryDetailsView.swift */ = {isa = PBXFileReference; lastKnownFileType = sourcecode.swift; path = GitHubRepositoryDetailsView.swift; sourceTree = "<group>"; };
		9118B64F21EEE25A000381A5 /* GitHubItemCellTableViewCell.swift */ = {isa = PBXFileReference; lastKnownFileType = sourcecode.swift; path = GitHubItemCellTableViewCell.swift; sourceTree = "<group>"; };
		9118B65221EEE4B8000381A5 /* Repository.swift */ = {isa = PBXFileReference; lastKnownFileType = sourcecode.swift; path = Repository.swift; sourceTree = "<group>"; };
		9118B65421EEE5BE000381A5 /* Owner.swift */ = {isa = PBXFileReference; lastKnownFileType = sourcecode.swift; path = Owner.swift; sourceTree = "<group>"; };
		9118B65721EF3AE3000381A5 /* RepositoryTableView.swift */ = {isa = PBXFileReference; lastKnownFileType = sourcecode.swift; path = RepositoryTableView.swift; sourceTree = "<group>"; };
		9118B65C21EF3D93000381A5 /* Identifiable.swift */ = {isa = PBXFileReference; lastKnownFileType = sourcecode.swift; path = Identifiable.swift; sourceTree = "<group>"; };
		A89134EE21EE37E3005032EC /* GitHubRating.app */ = {isa = PBXFileReference; explicitFileType = wrapper.application; includeInIndex = 0; path = GitHubRating.app; sourceTree = BUILT_PRODUCTS_DIR; };
		A89134F121EE37E3005032EC /* AppDelegate.swift */ = {isa = PBXFileReference; lastKnownFileType = sourcecode.swift; path = AppDelegate.swift; sourceTree = "<group>"; };
		A89134F821EE37E4005032EC /* Assets.xcassets */ = {isa = PBXFileReference; lastKnownFileType = folder.assetcatalog; path = Assets.xcassets; sourceTree = "<group>"; };
		A89134FB21EE37E4005032EC /* Base */ = {isa = PBXFileReference; lastKnownFileType = file.storyboard; name = Base; path = Base.lproj/LaunchScreen.storyboard; sourceTree = "<group>"; };
		A89134FD21EE37E4005032EC /* Info.plist */ = {isa = PBXFileReference; lastKnownFileType = text.plist.xml; path = Info.plist; sourceTree = "<group>"; };
		A891350221EE37E4005032EC /* GitHubRatingTests.xctest */ = {isa = PBXFileReference; explicitFileType = wrapper.cfbundle; includeInIndex = 0; path = GitHubRatingTests.xctest; sourceTree = BUILT_PRODUCTS_DIR; };
		A891350621EE37E4005032EC /* GitHubRatingTests.swift */ = {isa = PBXFileReference; lastKnownFileType = sourcecode.swift; path = GitHubRatingTests.swift; sourceTree = "<group>"; };
		A891350821EE37E4005032EC /* Info.plist */ = {isa = PBXFileReference; lastKnownFileType = text.plist.xml; path = Info.plist; sourceTree = "<group>"; };
		A8E04B6C21EE582A00522B9D /* RepositoriesViewController.swift */ = {isa = PBXFileReference; lastKnownFileType = sourcecode.swift; path = RepositoriesViewController.swift; sourceTree = "<group>"; };
		A8E04B6E21EE586400522B9D /* RepositoryView.swift */ = {isa = PBXFileReference; lastKnownFileType = sourcecode.swift; path = RepositoryView.swift; sourceTree = "<group>"; };
		A8E04B7121EE5A7900522B9D /* BaseViewController.swift */ = {isa = PBXFileReference; lastKnownFileType = sourcecode.swift; path = BaseViewController.swift; sourceTree = "<group>"; };
/* End PBXFileReference section */

/* Begin PBXFrameworksBuildPhase section */
		A89134EB21EE37E3005032EC /* Frameworks */ = {
			isa = PBXFrameworksBuildPhase;
			buildActionMask = 2147483647;
			files = (
			);
			runOnlyForDeploymentPostprocessing = 0;
		};
		A89134FF21EE37E4005032EC /* Frameworks */ = {
			isa = PBXFrameworksBuildPhase;
			buildActionMask = 2147483647;
			files = (
			);
			runOnlyForDeploymentPostprocessing = 0;
		};
/* End PBXFrameworksBuildPhase section */

/* Begin PBXGroup section */
		9118B64421EEDB16000381A5 /* Components */ = {
			isa = PBXGroup;
			children = (
				9118B65621EF3AB1000381A5 /* Tableview */,
				9118B64C21EEE1B2000381A5 /* Cells */,
				9118B64521EEDB1E000381A5 /* View */,
			);
			path = Components;
			sourceTree = "<group>";
		};
		9118B64521EEDB1E000381A5 /* View */ = {
			isa = PBXGroup;
			children = (
				9118B64821EEDB8B000381A5 /* GitHubRepositoryView.swift */,
				9118B64A21EEDDB5000381A5 /* GitHubRepositoryDetailsView.swift */,
			);
			path = View;
			sourceTree = "<group>";
		};
		9118B64C21EEE1B2000381A5 /* Cells */ = {
			isa = PBXGroup;
			children = (
				9118B64F21EEE25A000381A5 /* GitHubItemCellTableViewCell.swift */,
			);
			path = Cells;
			sourceTree = "<group>";
		};
		9118B65121EEE4AC000381A5 /* Model */ = {
			isa = PBXGroup;
			children = (
				9118B65221EEE4B8000381A5 /* Repository.swift */,
				9118B65421EEE5BE000381A5 /* Owner.swift */,
			);
			path = Model;
			sourceTree = "<group>";
		};
		9118B65621EF3AB1000381A5 /* Tableview */ = {
			isa = PBXGroup;
			children = (
				9118B65721EF3AE3000381A5 /* RepositoryTableView.swift */,
			);
			path = Tableview;
			sourceTree = "<group>";
		};
		9118B65921EF3CAD000381A5 /* Protocol */ = {
			isa = PBXGroup;
			children = (
				9118B65C21EF3D93000381A5 /* Identifiable.swift */,
			);
			path = Protocol;
			sourceTree = "<group>";
		};
		A89134E521EE37E3005032EC = {
			isa = PBXGroup;
			children = (
				A89134F021EE37E3005032EC /* Source */,
				A891350521EE37E4005032EC /* Tests */,
				A89134EF21EE37E3005032EC /* Products */,
			);
			sourceTree = "<group>";
		};
		A89134EF21EE37E3005032EC /* Products */ = {
			isa = PBXGroup;
			children = (
				A89134EE21EE37E3005032EC /* GitHubRating.app */,
				A891350221EE37E4005032EC /* GitHubRatingTests.xctest */,
			);
			name = Products;
			sourceTree = "<group>";
		};
		A89134F021EE37E3005032EC /* Source */ = {
			isa = PBXGroup;
			children = (
				A8E04B6A21EE56C200522B9D /* Scene */,
				A8E04B6821EE43BE00522B9D /* Common */,
				A89134F121EE37E3005032EC /* AppDelegate.swift */,
				A89134F821EE37E4005032EC /* Assets.xcassets */,
				A89134FA21EE37E4005032EC /* LaunchScreen.storyboard */,
				A89134FD21EE37E4005032EC /* Info.plist */,
			);
			path = Source;
			sourceTree = "<group>";
		};
		A891350521EE37E4005032EC /* Tests */ = {
			isa = PBXGroup;
			children = (
				A891350621EE37E4005032EC /* GitHubRatingTests.swift */,
				A891350821EE37E4005032EC /* Info.plist */,
			);
			path = Tests;
			sourceTree = "<group>";
		};
		A8E04B6821EE43BE00522B9D /* Common */ = {
			isa = PBXGroup;
			children = (
				9118B65921EF3CAD000381A5 /* Protocol */,
				9118B65121EEE4AC000381A5 /* Model */,
				9118B64421EEDB16000381A5 /* Components */,
				A8E04B7021EE5A5D00522B9D /* ViewController */,
				A8E04B6921EE43C400522B9D /* Networking */,
			);
			path = Common;
			sourceTree = "<group>";
		};
		A8E04B6921EE43C400522B9D /* Networking */ = {
			isa = PBXGroup;
			children = (
			);
			path = Networking;
			sourceTree = "<group>";
		};
		A8E04B6A21EE56C200522B9D /* Scene */ = {
			isa = PBXGroup;
			children = (
				A8E04B6B21EE581200522B9D /* Repositories */,
			);
			path = Scene;
			sourceTree = "<group>";
		};
		A8E04B6B21EE581200522B9D /* Repositories */ = {
			isa = PBXGroup;
			children = (
				A8E04B6C21EE582A00522B9D /* RepositoriesViewController.swift */,
				A8E04B6E21EE586400522B9D /* RepositoryView.swift */,
			);
			path = Repositories;
			sourceTree = "<group>";
		};
		A8E04B7021EE5A5D00522B9D /* ViewController */ = {
			isa = PBXGroup;
			children = (
				A8E04B7121EE5A7900522B9D /* BaseViewController.swift */,
			);
			path = ViewController;
			sourceTree = "<group>";
		};
/* End PBXGroup section */

/* Begin PBXNativeTarget section */
		A89134ED21EE37E3005032EC /* GitHubRating */ = {
			isa = PBXNativeTarget;
			buildConfigurationList = A891350B21EE37E4005032EC /* Build configuration list for PBXNativeTarget "GitHubRating" */;
			buildPhases = (
				A89134EA21EE37E3005032EC /* Sources */,
				A89134EB21EE37E3005032EC /* Frameworks */,
				A89134EC21EE37E3005032EC /* Resources */,
			);
			buildRules = (
			);
			dependencies = (
			);
			name = GitHubRating;
			productName = GitHubRating;
			productReference = A89134EE21EE37E3005032EC /* GitHubRating.app */;
			productType = "com.apple.product-type.application";
		};
		A891350121EE37E4005032EC /* GitHubRatingTests */ = {
			isa = PBXNativeTarget;
			buildConfigurationList = A891350E21EE37E4005032EC /* Build configuration list for PBXNativeTarget "GitHubRatingTests" */;
			buildPhases = (
				A89134FE21EE37E4005032EC /* Sources */,
				A89134FF21EE37E4005032EC /* Frameworks */,
				A891350021EE37E4005032EC /* Resources */,
			);
			buildRules = (
			);
			dependencies = (
				A891350421EE37E4005032EC /* PBXTargetDependency */,
			);
			name = GitHubRatingTests;
			productName = GitHubRatingTests;
			productReference = A891350221EE37E4005032EC /* GitHubRatingTests.xctest */;
			productType = "com.apple.product-type.bundle.unit-test";
		};
/* End PBXNativeTarget section */

/* Begin PBXProject section */
		A89134E621EE37E3005032EC /* Project object */ = {
			isa = PBXProject;
			attributes = {
				LastSwiftUpdateCheck = 1010;
				LastUpgradeCheck = 1010;
				ORGANIZATIONNAME = dede.exe;
				TargetAttributes = {
					A89134ED21EE37E3005032EC = {
						CreatedOnToolsVersion = 10.1;
					};
					A891350121EE37E4005032EC = {
						CreatedOnToolsVersion = 10.1;
						TestTargetID = A89134ED21EE37E3005032EC;
					};
				};
			};
			buildConfigurationList = A89134E921EE37E3005032EC /* Build configuration list for PBXProject "GitHubRating" */;
			compatibilityVersion = "Xcode 9.3";
			developmentRegion = en;
			hasScannedForEncodings = 0;
			knownRegions = (
				en,
				Base,
			);
			mainGroup = A89134E521EE37E3005032EC;
			productRefGroup = A89134EF21EE37E3005032EC /* Products */;
			projectDirPath = "";
			projectRoot = "";
			targets = (
				A89134ED21EE37E3005032EC /* GitHubRating */,
				A891350121EE37E4005032EC /* GitHubRatingTests */,
			);
		};
/* End PBXProject section */

/* Begin PBXResourcesBuildPhase section */
		A89134EC21EE37E3005032EC /* Resources */ = {
			isa = PBXResourcesBuildPhase;
			buildActionMask = 2147483647;
			files = (
				A89134FC21EE37E4005032EC /* LaunchScreen.storyboard in Resources */,
				A89134F921EE37E4005032EC /* Assets.xcassets in Resources */,
			);
			runOnlyForDeploymentPostprocessing = 0;
		};
		A891350021EE37E4005032EC /* Resources */ = {
			isa = PBXResourcesBuildPhase;
			buildActionMask = 2147483647;
			files = (
			);
			runOnlyForDeploymentPostprocessing = 0;
		};
/* End PBXResourcesBuildPhase section */

/* Begin PBXSourcesBuildPhase section */
		A89134EA21EE37E3005032EC /* Sources */ = {
			isa = PBXSourcesBuildPhase;
			buildActionMask = 2147483647;
			files = (
				9118B65021EEE25A000381A5 /* GitHubItemCellTableViewCell.swift in Sources */,
				9118B64921EEDB8B000381A5 /* GitHubRepositoryView.swift in Sources */,
				A8E04B7221EE5A7900522B9D /* BaseViewController.swift in Sources */,
				9118B65321EEE4B8000381A5 /* Repository.swift in Sources */,
				9118B65521EEE5BE000381A5 /* Owner.swift in Sources */,
				9118B64B21EEDDB5000381A5 /* GitHubRepositoryDetailsView.swift in Sources */,
				9118B65821EF3AE3000381A5 /* RepositoryTableView.swift in Sources */,
				A8E04B6D21EE582A00522B9D /* RepositoriesViewController.swift in Sources */,
				9118B65D21EF3D93000381A5 /* Identifiable.swift in Sources */,
				A8E04B6F21EE586400522B9D /* RepositoryView.swift in Sources */,
				A89134F221EE37E3005032EC /* AppDelegate.swift in Sources */,
			);
			runOnlyForDeploymentPostprocessing = 0;
		};
		A89134FE21EE37E4005032EC /* Sources */ = {
			isa = PBXSourcesBuildPhase;
			buildActionMask = 2147483647;
			files = (
				A891350721EE37E4005032EC /* GitHubRatingTests.swift in Sources */,
			);
			runOnlyForDeploymentPostprocessing = 0;
		};
/* End PBXSourcesBuildPhase section */

/* Begin PBXTargetDependency section */
		A891350421EE37E4005032EC /* PBXTargetDependency */ = {
			isa = PBXTargetDependency;
			target = A89134ED21EE37E3005032EC /* GitHubRating */;
			targetProxy = A891350321EE37E4005032EC /* PBXContainerItemProxy */;
		};
/* End PBXTargetDependency section */

/* Begin PBXVariantGroup section */
		A89134FA21EE37E4005032EC /* LaunchScreen.storyboard */ = {
			isa = PBXVariantGroup;
			children = (
				A89134FB21EE37E4005032EC /* Base */,
			);
			name = LaunchScreen.storyboard;
			sourceTree = "<group>";
		};
/* End PBXVariantGroup section */

/* Begin XCBuildConfiguration section */
		A891350921EE37E4005032EC /* Debug */ = {
			isa = XCBuildConfiguration;
			buildSettings = {
				ALWAYS_SEARCH_USER_PATHS = NO;
				CLANG_ANALYZER_NONNULL = YES;
				CLANG_ANALYZER_NUMBER_OBJECT_CONVERSION = YES_AGGRESSIVE;
				CLANG_CXX_LANGUAGE_STANDARD = "gnu++14";
				CLANG_CXX_LIBRARY = "libc++";
				CLANG_ENABLE_MODULES = YES;
				CLANG_ENABLE_OBJC_ARC = YES;
				CLANG_ENABLE_OBJC_WEAK = YES;
				CLANG_WARN_BLOCK_CAPTURE_AUTORELEASING = YES;
				CLANG_WARN_BOOL_CONVERSION = YES;
				CLANG_WARN_COMMA = YES;
				CLANG_WARN_CONSTANT_CONVERSION = YES;
				CLANG_WARN_DEPRECATED_OBJC_IMPLEMENTATIONS = YES;
				CLANG_WARN_DIRECT_OBJC_ISA_USAGE = YES_ERROR;
				CLANG_WARN_DOCUMENTATION_COMMENTS = YES;
				CLANG_WARN_EMPTY_BODY = YES;
				CLANG_WARN_ENUM_CONVERSION = YES;
				CLANG_WARN_INFINITE_RECURSION = YES;
				CLANG_WARN_INT_CONVERSION = YES;
				CLANG_WARN_NON_LITERAL_NULL_CONVERSION = YES;
				CLANG_WARN_OBJC_IMPLICIT_RETAIN_SELF = YES;
				CLANG_WARN_OBJC_LITERAL_CONVERSION = YES;
				CLANG_WARN_OBJC_ROOT_CLASS = YES_ERROR;
				CLANG_WARN_RANGE_LOOP_ANALYSIS = YES;
				CLANG_WARN_STRICT_PROTOTYPES = YES;
				CLANG_WARN_SUSPICIOUS_MOVE = YES;
				CLANG_WARN_UNGUARDED_AVAILABILITY = YES_AGGRESSIVE;
				CLANG_WARN_UNREACHABLE_CODE = YES;
				CLANG_WARN__DUPLICATE_METHOD_MATCH = YES;
				CODE_SIGN_IDENTITY = "iPhone Developer";
				COPY_PHASE_STRIP = NO;
				DEBUG_INFORMATION_FORMAT = dwarf;
				ENABLE_STRICT_OBJC_MSGSEND = YES;
				ENABLE_TESTABILITY = YES;
				GCC_C_LANGUAGE_STANDARD = gnu11;
				GCC_DYNAMIC_NO_PIC = NO;
				GCC_NO_COMMON_BLOCKS = YES;
				GCC_OPTIMIZATION_LEVEL = 0;
				GCC_PREPROCESSOR_DEFINITIONS = (
					"DEBUG=1",
					"$(inherited)",
				);
				GCC_WARN_64_TO_32_BIT_CONVERSION = YES;
				GCC_WARN_ABOUT_RETURN_TYPE = YES_ERROR;
				GCC_WARN_UNDECLARED_SELECTOR = YES;
				GCC_WARN_UNINITIALIZED_AUTOS = YES_AGGRESSIVE;
				GCC_WARN_UNUSED_FUNCTION = YES;
				GCC_WARN_UNUSED_VARIABLE = YES;
				IPHONEOS_DEPLOYMENT_TARGET = 12.1;
				MTL_ENABLE_DEBUG_INFO = INCLUDE_SOURCE;
				MTL_FAST_MATH = YES;
				ONLY_ACTIVE_ARCH = YES;
				SDKROOT = iphoneos;
				SWIFT_ACTIVE_COMPILATION_CONDITIONS = DEBUG;
				SWIFT_OPTIMIZATION_LEVEL = "-Onone";
			};
			name = Debug;
		};
		A891350A21EE37E4005032EC /* Release */ = {
			isa = XCBuildConfiguration;
			buildSettings = {
				ALWAYS_SEARCH_USER_PATHS = NO;
				CLANG_ANALYZER_NONNULL = YES;
				CLANG_ANALYZER_NUMBER_OBJECT_CONVERSION = YES_AGGRESSIVE;
				CLANG_CXX_LANGUAGE_STANDARD = "gnu++14";
				CLANG_CXX_LIBRARY = "libc++";
				CLANG_ENABLE_MODULES = YES;
				CLANG_ENABLE_OBJC_ARC = YES;
				CLANG_ENABLE_OBJC_WEAK = YES;
				CLANG_WARN_BLOCK_CAPTURE_AUTORELEASING = YES;
				CLANG_WARN_BOOL_CONVERSION = YES;
				CLANG_WARN_COMMA = YES;
				CLANG_WARN_CONSTANT_CONVERSION = YES;
				CLANG_WARN_DEPRECATED_OBJC_IMPLEMENTATIONS = YES;
				CLANG_WARN_DIRECT_OBJC_ISA_USAGE = YES_ERROR;
				CLANG_WARN_DOCUMENTATION_COMMENTS = YES;
				CLANG_WARN_EMPTY_BODY = YES;
				CLANG_WARN_ENUM_CONVERSION = YES;
				CLANG_WARN_INFINITE_RECURSION = YES;
				CLANG_WARN_INT_CONVERSION = YES;
				CLANG_WARN_NON_LITERAL_NULL_CONVERSION = YES;
				CLANG_WARN_OBJC_IMPLICIT_RETAIN_SELF = YES;
				CLANG_WARN_OBJC_LITERAL_CONVERSION = YES;
				CLANG_WARN_OBJC_ROOT_CLASS = YES_ERROR;
				CLANG_WARN_RANGE_LOOP_ANALYSIS = YES;
				CLANG_WARN_STRICT_PROTOTYPES = YES;
				CLANG_WARN_SUSPICIOUS_MOVE = YES;
				CLANG_WARN_UNGUARDED_AVAILABILITY = YES_AGGRESSIVE;
				CLANG_WARN_UNREACHABLE_CODE = YES;
				CLANG_WARN__DUPLICATE_METHOD_MATCH = YES;
				CODE_SIGN_IDENTITY = "iPhone Developer";
				COPY_PHASE_STRIP = NO;
				DEBUG_INFORMATION_FORMAT = "dwarf-with-dsym";
				ENABLE_NS_ASSERTIONS = NO;
				ENABLE_STRICT_OBJC_MSGSEND = YES;
				GCC_C_LANGUAGE_STANDARD = gnu11;
				GCC_NO_COMMON_BLOCKS = YES;
				GCC_WARN_64_TO_32_BIT_CONVERSION = YES;
				GCC_WARN_ABOUT_RETURN_TYPE = YES_ERROR;
				GCC_WARN_UNDECLARED_SELECTOR = YES;
				GCC_WARN_UNINITIALIZED_AUTOS = YES_AGGRESSIVE;
				GCC_WARN_UNUSED_FUNCTION = YES;
				GCC_WARN_UNUSED_VARIABLE = YES;
				IPHONEOS_DEPLOYMENT_TARGET = 12.1;
				MTL_ENABLE_DEBUG_INFO = NO;
				MTL_FAST_MATH = YES;
				SDKROOT = iphoneos;
				SWIFT_COMPILATION_MODE = wholemodule;
				SWIFT_OPTIMIZATION_LEVEL = "-O";
				VALIDATE_PRODUCT = YES;
			};
			name = Release;
		};
		A891350C21EE37E4005032EC /* Debug */ = {
			isa = XCBuildConfiguration;
			buildSettings = {
				ASSETCATALOG_COMPILER_APPICON_NAME = AppIcon;
				CODE_SIGN_STYLE = Automatic;
				INFOPLIST_FILE = "$(SRCROOT)/Source/Info.plist";
				LD_RUNPATH_SEARCH_PATHS = (
					"$(inherited)",
					"@executable_path/Frameworks",
				);
				PRODUCT_BUNDLE_IDENTIFIER = exe.dede.GitHubRating;
				PRODUCT_NAME = "$(TARGET_NAME)";
				SWIFT_VERSION = 4.2;
				TARGETED_DEVICE_FAMILY = "1,2";
			};
			name = Debug;
		};
		A891350D21EE37E4005032EC /* Release */ = {
			isa = XCBuildConfiguration;
			buildSettings = {
				ASSETCATALOG_COMPILER_APPICON_NAME = AppIcon;
				CODE_SIGN_STYLE = Automatic;
				INFOPLIST_FILE = "$(SRCROOT)/Source/Info.plist";
				LD_RUNPATH_SEARCH_PATHS = (
					"$(inherited)",
					"@executable_path/Frameworks",
				);
				PRODUCT_BUNDLE_IDENTIFIER = exe.dede.GitHubRating;
				PRODUCT_NAME = "$(TARGET_NAME)";
				SWIFT_VERSION = 4.2;
				TARGETED_DEVICE_FAMILY = "1,2";
			};
			name = Release;
		};
		A891350F21EE37E4005032EC /* Debug */ = {
			isa = XCBuildConfiguration;
			buildSettings = {
				ALWAYS_EMBED_SWIFT_STANDARD_LIBRARIES = YES;
				BUNDLE_LOADER = "$(TEST_HOST)";
				CODE_SIGN_STYLE = Automatic;
				INFOPLIST_FILE = GitHubRatingTests/Info.plist;
				LD_RUNPATH_SEARCH_PATHS = (
					"$(inherited)",
					"@executable_path/Frameworks",
					"@loader_path/Frameworks",
				);
				PRODUCT_BUNDLE_IDENTIFIER = exe.dede.GitHubRatingTests;
				PRODUCT_NAME = "$(TARGET_NAME)";
				SWIFT_VERSION = 4.2;
				TARGETED_DEVICE_FAMILY = "1,2";
				TEST_HOST = "$(BUILT_PRODUCTS_DIR)/GitHubRating.app/GitHubRating";
			};
			name = Debug;
		};
		A891351021EE37E4005032EC /* Release */ = {
			isa = XCBuildConfiguration;
			buildSettings = {
				ALWAYS_EMBED_SWIFT_STANDARD_LIBRARIES = YES;
				BUNDLE_LOADER = "$(TEST_HOST)";
				CODE_SIGN_STYLE = Automatic;
				INFOPLIST_FILE = GitHubRatingTests/Info.plist;
				LD_RUNPATH_SEARCH_PATHS = (
					"$(inherited)",
					"@executable_path/Frameworks",
					"@loader_path/Frameworks",
				);
				PRODUCT_BUNDLE_IDENTIFIER = exe.dede.GitHubRatingTests;
				PRODUCT_NAME = "$(TARGET_NAME)";
				SWIFT_VERSION = 4.2;
				TARGETED_DEVICE_FAMILY = "1,2";
				TEST_HOST = "$(BUILT_PRODUCTS_DIR)/GitHubRating.app/GitHubRating";
			};
			name = Release;
		};
/* End XCBuildConfiguration section */

/* Begin XCConfigurationList section */
		A89134E921EE37E3005032EC /* Build configuration list for PBXProject "GitHubRating" */ = {
			isa = XCConfigurationList;
			buildConfigurations = (
				A891350921EE37E4005032EC /* Debug */,
				A891350A21EE37E4005032EC /* Release */,
			);
			defaultConfigurationIsVisible = 0;
			defaultConfigurationName = Release;
		};
		A891350B21EE37E4005032EC /* Build configuration list for PBXNativeTarget "GitHubRating" */ = {
			isa = XCConfigurationList;
			buildConfigurations = (
				A891350C21EE37E4005032EC /* Debug */,
				A891350D21EE37E4005032EC /* Release */,
			);
			defaultConfigurationIsVisible = 0;
			defaultConfigurationName = Release;
		};
		A891350E21EE37E4005032EC /* Build configuration list for PBXNativeTarget "GitHubRatingTests" */ = {
			isa = XCConfigurationList;
			buildConfigurations = (
				A891350F21EE37E4005032EC /* Debug */,
				A891351021EE37E4005032EC /* Release */,
			);
			defaultConfigurationIsVisible = 0;
			defaultConfigurationName = Release;
		};
/* End XCConfigurationList section */
	};
	rootObject = A89134E621EE37E3005032EC /* Project object */;
}
